{
  "name": "@rpkumar/immutable-tree",
  "version": "1.0.3",
  "lockfileVersion": 1,
  "requires": true,
  "dependencies": {
    "@rescript/std": {
      "version": "9.1.0",
      "resolved": "https://registry.npmjs.org/@rescript/std/-/std-9.1.0.tgz",
      "integrity": "sha512-LZIUtiPSHB23WNSlmZ74n9hNbgrt8vPYkAzFYVj0NSQdJoG80C+xgCtG8zTjcIER3gdtZhDVaFhl8H1sS9KpKQ=="
    },
    "bs-platform": {
      "version": "9.0.2",
      "resolved": "https://registry.npmjs.org/bs-platform/-/bs-platform-9.0.2.tgz",
      "integrity": "sha512-Ye9JqJ4Oa7mcjjoOVRYI8Uc2Cf8N7jQLWDcdUplY7996d/YErSR7WitmV7XnSwr4EvdrbwjEsg1NxNjUQv3ChA==",
      "dev": true
    },
    "rescript": {
      "version": "9.1.2",
      "resolved": "https://registry.npmjs.org/rescript/-/rescript-9.1.2.tgz",
      "integrity": "sha512-4wHvTDv3nyYnAPJHcg1RGG8z7u3HDiBf6RN3P/dITDv859Qo35aKOzJWQtfBzbAs0EKNafLqei3TnUqiAv6BwQ=="
    }
  }
}
